
Microsoft Visual Studio Solution File, Format Version 12.00
# Visual Studio 14
VisualStudioVersion = 14.0.23107.0
MinimumVisualStudioVersion = 10.0.40219.1
Project("{FAE04EC0-301F-11D3-BF4B-00C04F79EFBC}") = "WebApplication1", "WebApplication1\WebApplication1.csproj", "{FA4192EC-C051-47A2-A9E4-D0D5335184C7}"
EndProject
Project("{FAE04EC0-301F-11D3-BF4B-00C04F79EFBC}") = "WebApplication1.Tests", "WebApplication1.Tests\WebApplication1.Tests.csproj", "{DCEFF2E1-6733-4FF7-A4C7-5F24A72CF630}"
EndProject
Global
	GlobalSection(SolutionConfigurationPlatforms) = preSolution
		Debug|Any CPU = Debug|Any CPU
		Release|Any CPU = Release|Any CPU
	EndGlobalSection
	GlobalSection(ProjectConfigurationPlatforms) = postSolution
		{FA4192EC-C051-47A2-A9E4-D0D5335184C7}.Debug|Any CPU.ActiveCfg = Debug|Any CPU
		{FA4192EC-C051-47A2-A9E4-D0D5335184C7}.Debug|Any CPU.Build.0 = Debug|Any CPU
		{FA4192EC-C051-47A2-A9E4-D0D5335184C7}.Release|Any CPU.ActiveCfg = Release|Any CPU
		{FA4192EC-C051-47A2-A9E4-D0D5335184C7}.Release|Any CPU.Build.0 = Release|Any CPU
		{DCEFF2E1-6733-4FF7-A4C7-5F24A72CF630}.Debug|Any CPU.ActiveCfg = Debug|Any CPU
		{DCEFF2E1-6733-4FF7-A4C7-5F24A72CF630}.Debug|Any CPU.Build.0 = Debug|Any CPU
		{DCEFF2E1-6733-4FF7-A4C7-5F24A72CF630}.Release|Any CPU.ActiveCfg = Release|Any CPU
		{DCEFF2E1-6733-4FF7-A4C7-5F24A72CF630}.Release|Any CPU.Build.0 = Release|Any CPU
	EndGlobalSection
	GlobalSection(SolutionProperties) = preSolution
		HideSolutionNode = FALSE
	EndGlobalSection
EndGlobal
